
Microsoft Visual Studio Solution File, Format Version 12.00
# Visual Studio Version 17
VisualStudioVersion = 17.0.31717.71
MinimumVisualStudioVersion = 10.0.40219.1
Project("{9A19103F-16F7-4668-BE54-9A1E7A4F7556}") = "ProxyFill", "ProxyFill.csproj", "{D6479186-3411-41D7-8F25-8151DB2AE12C}"
EndProject
Project("{FAE04EC0-301F-11D3-BF4B-00C04F79EFBC}") = "ProxyFill.Shared", "ProxyFill.Shared\ProxyFill.Shared.csproj", "{9486DCC0-710C-4E27-8E25-D6ADFBC69783}"
EndProject
Project("{FAE04EC0-301F-11D3-BF4B-00C04F79EFBC}") = "ProxyFill Companion", "..\ProxyFill Companion\ProxyFill Companion.csproj", "{B7D9350D-B882-4CAC-9200-4D634EC83DEE}"
EndProject
Project("{FAE04EC0-301F-11D3-BF4B-00C04F79EFBC}") = "Companion.Console", "..\Companion.Console\Companion.Console.csproj", "{46FFD33C-2409-4C5F-AAF8-25B96517757E}"
EndProject
Global
	GlobalSection(SolutionConfigurationPlatforms) = preSolution
		Debug|Any CPU = Debug|Any CPU
		Release|Any CPU = Release|Any CPU
	EndGlobalSection
	GlobalSection(ProjectConfigurationPlatforms) = postSolution
		{D6479186-3411-41D7-8F25-8151DB2AE12C}.Debug|Any CPU.ActiveCfg = Debug|Any CPU
		{D6479186-3411-41D7-8F25-8151DB2AE12C}.Debug|Any CPU.Build.0 = Debug|Any CPU
		{D6479186-3411-41D7-8F25-8151DB2AE12C}.Release|Any CPU.ActiveCfg = Release|Any CPU
		{D6479186-3411-41D7-8F25-8151DB2AE12C}.Release|Any CPU.Build.0 = Release|Any CPU
		{9486DCC0-710C-4E27-8E25-D6ADFBC69783}.Debug|Any CPU.ActiveCfg = Debug|Any CPU
		{9486DCC0-710C-4E27-8E25-D6ADFBC69783}.Debug|Any CPU.Build.0 = Debug|Any CPU
		{9486DCC0-710C-4E27-8E25-D6ADFBC69783}.Release|Any CPU.ActiveCfg = Release|Any CPU
		{9486DCC0-710C-4E27-8E25-D6ADFBC69783}.Release|Any CPU.Build.0 = Release|Any CPU
		{B7D9350D-B882-4CAC-9200-4D634EC83DEE}.Debug|Any CPU.ActiveCfg = Debug|Any CPU
		{B7D9350D-B882-4CAC-9200-4D634EC83DEE}.Debug|Any CPU.Build.0 = Debug|Any CPU
		{B7D9350D-B882-4CAC-9200-4D634EC83DEE}.Release|Any CPU.ActiveCfg = Release|Any CPU
		{B7D9350D-B882-4CAC-9200-4D634EC83DEE}.Release|Any CPU.Build.0 = Release|Any CPU
		{46FFD33C-2409-4C5F-AAF8-25B96517757E}.Debug|Any CPU.ActiveCfg = Debug|Any CPU
		{46FFD33C-2409-4C5F-AAF8-25B96517757E}.Debug|Any CPU.Build.0 = Debug|Any CPU
		{46FFD33C-2409-4C5F-AAF8-25B96517757E}.Release|Any CPU.ActiveCfg = Release|Any CPU
		{46FFD33C-2409-4C5F-AAF8-25B96517757E}.Release|Any CPU.Build.0 = Release|Any CPU
	EndGlobalSection
	GlobalSection(SolutionProperties) = preSolution
		HideSolutionNode = FALSE
	EndGlobalSection
	GlobalSection(ExtensibilityGlobals) = postSolution
		SolutionGuid = {36D87208-ADA4-4123-9623-06BC1FA68A3C}
	EndGlobalSection
EndGlobal
